
Microsoft Visual Studio Solution File, Format Version 12.00
# Visual Studio 2017
Project("{FAE04EC0-301F-11D3-BF4B-00C04F79EFBC}") = "ChoppaStyle.Plugins", "ChoppaStyle.Plugins.csproj", "{69581F30-9CAB-6E23-082B-1D2F1C553F24}"
EndProject
Project("{FAE04EC0-301F-11D3-BF4B-00C04F79EFBC}") = "ChoppaStyle", "ChoppaStyle.csproj", "{6B501F59-80FE-A59D-D93A-50FE55CB00A3}"
EndProject
Project("{FAE04EC0-301F-11D3-BF4B-00C04F79EFBC}") = "ChoppaStyle.Editor.Plugins", "ChoppaStyle.Editor.Plugins.csproj", "{90D9C413-80C9-1C0E-FB1B-32C021C31344}"
EndProject
Global
	GlobalSection(SolutionConfigurationPlatforms) = preSolution
		Debug|Any CPU = Debug|Any CPU
		Release|Any CPU = Release|Any CPU
	EndGlobalSection
	GlobalSection(ProjectConfigurationPlatforms) = postSolution
		{69581F30-9CAB-6E23-082B-1D2F1C553F24}.Debug|Any CPU.ActiveCfg = Debug|Any CPU
		{69581F30-9CAB-6E23-082B-1D2F1C553F24}.Debug|Any CPU.Build.0 = Debug|Any CPU
		{69581F30-9CAB-6E23-082B-1D2F1C553F24}.Release|Any CPU.ActiveCfg = Release|Any CPU
		{69581F30-9CAB-6E23-082B-1D2F1C553F24}.Release|Any CPU.Build.0 = Release|Any CPU
		{6B501F59-80FE-A59D-D93A-50FE55CB00A3}.Debug|Any CPU.ActiveCfg = Debug|Any CPU
		{6B501F59-80FE-A59D-D93A-50FE55CB00A3}.Debug|Any CPU.Build.0 = Debug|Any CPU
		{6B501F59-80FE-A59D-D93A-50FE55CB00A3}.Release|Any CPU.ActiveCfg = Release|Any CPU
		{6B501F59-80FE-A59D-D93A-50FE55CB00A3}.Release|Any CPU.Build.0 = Release|Any CPU
		{90D9C413-80C9-1C0E-FB1B-32C021C31344}.Debug|Any CPU.ActiveCfg = Debug|Any CPU
		{90D9C413-80C9-1C0E-FB1B-32C021C31344}.Debug|Any CPU.Build.0 = Debug|Any CPU
		{90D9C413-80C9-1C0E-FB1B-32C021C31344}.Release|Any CPU.ActiveCfg = Release|Any CPU
		{90D9C413-80C9-1C0E-FB1B-32C021C31344}.Release|Any CPU.Build.0 = Release|Any CPU
	EndGlobalSection
	GlobalSection(SolutionProperties) = preSolution
		HideSolutionNode = FALSE
	EndGlobalSection
EndGlobal
